{
    "_meta": {
        "hash": {
            "sha256": "1d3cdb5165a40fe2656a57f2e610dd6869f4a5c5303d3a92b39f99b56e2bc3bd"
        },
        "pipfile-spec": 6,
        "requires": {
            "python_version": "3.11"
        },
        "sources": [
            {
                "name": "pypi",
                "url": "https://pypi.org/simple",
                "verify_ssl": true
            }
        ]
    },
    "default": {},
    "develop": {}
}
